
Microsoft Visual Studio Solution File, Format Version 12.00
# Visual Studio Version 16
VisualStudioVersion = 16.0.30225.117
MinimumVisualStudioVersion = 10.0.40219.1
Project("{FAE04EC0-301F-11D3-BF4B-00C04F79EFBC}") = "RCS_Tasks", "RCS_Tasks\RCS_Tasks.csproj", "{35EC6D80-B321-4AFD-9E2A-B1E571937C72}"
EndProject
Global
	GlobalSection(SolutionConfigurationPlatforms) = preSolution
		Debug|Any CPU = Debug|Any CPU
		Release|Any CPU = Release|Any CPU
	EndGlobalSection
	GlobalSection(ProjectConfigurationPlatforms) = postSolution
		{35EC6D80-B321-4AFD-9E2A-B1E571937C72}.Debug|Any CPU.ActiveCfg = Debug|Any CPU
		{35EC6D80-B321-4AFD-9E2A-B1E571937C72}.Debug|Any CPU.Build.0 = Debug|Any CPU
		{35EC6D80-B321-4AFD-9E2A-B1E571937C72}.Release|Any CPU.ActiveCfg = Release|Any CPU
		{35EC6D80-B321-4AFD-9E2A-B1E571937C72}.Release|Any CPU.Build.0 = Release|Any CPU
	EndGlobalSection
	GlobalSection(SolutionProperties) = preSolution
		HideSolutionNode = FALSE
	EndGlobalSection
	GlobalSection(ExtensibilityGlobals) = postSolution
		SolutionGuid = {F0810EB6-7BC8-4368-A4AF-E6DAF5E37A9E}
	EndGlobalSection
EndGlobal
